// !$*UTF8*$!
{
	archiveVersion = 1;
	classes = {
	};
	objectVersion = 50;
	objects = {

/* Begin PBXBuildFile section */
		23604D9826F2496600466C66 /* AppDelegate.swift in Sources */ = {isa = PBXBuildFile; fileRef = 23604D9726F2496600466C66 /* AppDelegate.swift */; };
		23604D9A26F2496600466C66 /* SceneDelegate.swift in Sources */ = {isa = PBXBuildFile; fileRef = 23604D9926F2496600466C66 /* SceneDelegate.swift */; };
		23604D9C26F2496600466C66 /* HomeViewController.swift in Sources */ = {isa = PBXBuildFile; fileRef = 23604D9B26F2496600466C66 /* HomeViewController.swift */; };
		23604DA126F2496900466C66 /* Assets.xcassets in Resources */ = {isa = PBXBuildFile; fileRef = 23604DA026F2496900466C66 /* Assets.xcassets */; };
		23604DA426F2496900466C66 /* LaunchScreen.storyboard in Resources */ = {isa = PBXBuildFile; fileRef = 23604DA226F2496900466C66 /* LaunchScreen.storyboard */; };
		23604DB226F24D8300466C66 /* TabBarViewController.swift in Sources */ = {isa = PBXBuildFile; fileRef = 23604DB126F24D8300466C66 /* TabBarViewController.swift */; };
		23604DB426F24DD000466C66 /* SearchViewController.swift in Sources */ = {isa = PBXBuildFile; fileRef = 23604DB326F24DD000466C66 /* SearchViewController.swift */; };
		23604DB626F24DF900466C66 /* LibraryViewController.swift in Sources */ = {isa = PBXBuildFile; fileRef = 23604DB526F24DF900466C66 /* LibraryViewController.swift */; };
		23604DBA26F24E5E00466C66 /* AuthViewController.swift in Sources */ = {isa = PBXBuildFile; fileRef = 23604DB926F24E5E00466C66 /* AuthViewController.swift */; };
		23604DBC26F24E7500466C66 /* WelcomeViewController.swift in Sources */ = {isa = PBXBuildFile; fileRef = 23604DBB26F24E7500466C66 /* WelcomeViewController.swift */; };
		23604DBE26F24EA600466C66 /* SettingsViewController.swift in Sources */ = {isa = PBXBuildFile; fileRef = 23604DBD26F24EA600466C66 /* SettingsViewController.swift */; };
		23604DC026F24EB900466C66 /* ProfileViewController.swift in Sources */ = {isa = PBXBuildFile; fileRef = 23604DBF26F24EB900466C66 /* ProfileViewController.swift */; };
		23604DC226F24ECD00466C66 /* PlayerViewController.swift in Sources */ = {isa = PBXBuildFile; fileRef = 23604DC126F24ECD00466C66 /* PlayerViewController.swift */; };
		23604DC426F24EE500466C66 /* PlaylistViewController.swift in Sources */ = {isa = PBXBuildFile; fileRef = 23604DC326F24EE500466C66 /* PlaylistViewController.swift */; };
		23604DC626F24F0300466C66 /* SearchResultsViewController.swift in Sources */ = {isa = PBXBuildFile; fileRef = 23604DC526F24F0300466C66 /* SearchResultsViewController.swift */; };
		23604DC826F24F4900466C66 /* AuthManager.swift in Sources */ = {isa = PBXBuildFile; fileRef = 23604DC726F24F4900466C66 /* AuthManager.swift */; };
		23604DCA26F24F6300466C66 /* APICaller.swift in Sources */ = {isa = PBXBuildFile; fileRef = 23604DC926F24F6300466C66 /* APICaller.swift */; };
		23604DCC26F24F8600466C66 /* HapticsManager.swift in Sources */ = {isa = PBXBuildFile; fileRef = 23604DCB26F24F8600466C66 /* HapticsManager.swift */; };
		23604DCE26F24FA700466C66 /* Playlist.swift in Sources */ = {isa = PBXBuildFile; fileRef = 23604DCD26F24FA700466C66 /* Playlist.swift */; };
		23604DD026F24FB900466C66 /* AudioTrack.swift in Sources */ = {isa = PBXBuildFile; fileRef = 23604DCF26F24FB900466C66 /* AudioTrack.swift */; };
		23604DD226F24FC900466C66 /* Artist.swift in Sources */ = {isa = PBXBuildFile; fileRef = 23604DD126F24FC900466C66 /* Artist.swift */; };
		23604DD426F24FE700466C66 /* UserProfile.swift in Sources */ = {isa = PBXBuildFile; fileRef = 23604DD326F24FE700466C66 /* UserProfile.swift */; };
/* End PBXBuildFile section */

/* Begin PBXFileReference section */
		23604D9426F2496600466C66 /* SpotifyClone.app */ = {isa = PBXFileReference; explicitFileType = wrapper.application; includeInIndex = 0; path = SpotifyClone.app; sourceTree = BUILT_PRODUCTS_DIR; };
		23604D9726F2496600466C66 /* AppDelegate.swift */ = {isa = PBXFileReference; lastKnownFileType = sourcecode.swift; path = AppDelegate.swift; sourceTree = "<group>"; };
		23604D9926F2496600466C66 /* SceneDelegate.swift */ = {isa = PBXFileReference; lastKnownFileType = sourcecode.swift; path = SceneDelegate.swift; sourceTree = "<group>"; };
		23604D9B26F2496600466C66 /* HomeViewController.swift */ = {isa = PBXFileReference; lastKnownFileType = sourcecode.swift; path = HomeViewController.swift; sourceTree = "<group>"; };
		23604DA026F2496900466C66 /* Assets.xcassets */ = {isa = PBXFileReference; lastKnownFileType = folder.assetcatalog; path = Assets.xcassets; sourceTree = "<group>"; };
		23604DA326F2496900466C66 /* Base */ = {isa = PBXFileReference; lastKnownFileType = file.storyboard; name = Base; path = Base.lproj/LaunchScreen.storyboard; sourceTree = "<group>"; };
		23604DA526F2496900466C66 /* Info.plist */ = {isa = PBXFileReference; lastKnownFileType = text.plist.xml; path = Info.plist; sourceTree = "<group>"; };
		23604DB126F24D8300466C66 /* TabBarViewController.swift */ = {isa = PBXFileReference; lastKnownFileType = sourcecode.swift; path = TabBarViewController.swift; sourceTree = "<group>"; };
		23604DB326F24DD000466C66 /* SearchViewController.swift */ = {isa = PBXFileReference; lastKnownFileType = sourcecode.swift; path = SearchViewController.swift; sourceTree = "<group>"; };
		23604DB526F24DF900466C66 /* LibraryViewController.swift */ = {isa = PBXFileReference; lastKnownFileType = sourcecode.swift; path = LibraryViewController.swift; sourceTree = "<group>"; };
		23604DB926F24E5E00466C66 /* AuthViewController.swift */ = {isa = PBXFileReference; lastKnownFileType = sourcecode.swift; path = AuthViewController.swift; sourceTree = "<group>"; };
		23604DBB26F24E7500466C66 /* WelcomeViewController.swift */ = {isa = PBXFileReference; lastKnownFileType = sourcecode.swift; path = WelcomeViewController.swift; sourceTree = "<group>"; };
		23604DBD26F24EA600466C66 /* SettingsViewController.swift */ = {isa = PBXFileReference; lastKnownFileType = sourcecode.swift; path = SettingsViewController.swift; sourceTree = "<group>"; };
		23604DBF26F24EB900466C66 /* ProfileViewController.swift */ = {isa = PBXFileReference; lastKnownFileType = sourcecode.swift; path = ProfileViewController.swift; sourceTree = "<group>"; };
		23604DC126F24ECD00466C66 /* PlayerViewController.swift */ = {isa = PBXFileReference; lastKnownFileType = sourcecode.swift; path = PlayerViewController.swift; sourceTree = "<group>"; };
		23604DC326F24EE500466C66 /* PlaylistViewController.swift */ = {isa = PBXFileReference; lastKnownFileType = sourcecode.swift; path = PlaylistViewController.swift; sourceTree = "<group>"; };
		23604DC526F24F0300466C66 /* SearchResultsViewController.swift */ = {isa = PBXFileReference; lastKnownFileType = sourcecode.swift; path = SearchResultsViewController.swift; sourceTree = "<group>"; };
		23604DC726F24F4900466C66 /* AuthManager.swift */ = {isa = PBXFileReference; lastKnownFileType = sourcecode.swift; path = AuthManager.swift; sourceTree = "<group>"; };
		23604DC926F24F6300466C66 /* APICaller.swift */ = {isa = PBXFileReference; lastKnownFileType = sourcecode.swift; path = APICaller.swift; sourceTree = "<group>"; };
		23604DCB26F24F8600466C66 /* HapticsManager.swift */ = {isa = PBXFileReference; lastKnownFileType = sourcecode.swift; path = HapticsManager.swift; sourceTree = "<group>"; };
		23604DCD26F24FA700466C66 /* Playlist.swift */ = {isa = PBXFileReference; lastKnownFileType = sourcecode.swift; path = Playlist.swift; sourceTree = "<group>"; };
		23604DCF26F24FB900466C66 /* AudioTrack.swift */ = {isa = PBXFileReference; lastKnownFileType = sourcecode.swift; path = AudioTrack.swift; sourceTree = "<group>"; };
		23604DD126F24FC900466C66 /* Artist.swift */ = {isa = PBXFileReference; lastKnownFileType = sourcecode.swift; path = Artist.swift; sourceTree = "<group>"; };
		23604DD326F24FE700466C66 /* UserProfile.swift */ = {isa = PBXFileReference; lastKnownFileType = sourcecode.swift; path = UserProfile.swift; sourceTree = "<group>"; };
/* End PBXFileReference section */

/* Begin PBXFrameworksBuildPhase section */
		23604D9126F2496600466C66 /* Frameworks */ = {
			isa = PBXFrameworksBuildPhase;
			buildActionMask = 2147483647;
			files = (
			);
			runOnlyForDeploymentPostprocessing = 0;
		};
/* End PBXFrameworksBuildPhase section */

/* Begin PBXGroup section */
		23604D8B26F2496600466C66 = {
			isa = PBXGroup;
			children = (
				23604D9626F2496600466C66 /* SpotifyClone */,
				23604D9526F2496600466C66 /* Products */,
			);
			sourceTree = "<group>";
		};
		23604D9526F2496600466C66 /* Products */ = {
			isa = PBXGroup;
			children = (
				23604D9426F2496600466C66 /* SpotifyClone.app */,
			);
			name = Products;
			sourceTree = "<group>";
		};
		23604D9626F2496600466C66 /* SpotifyClone */ = {
			isa = PBXGroup;
			children = (
				23604DB026F24ABC00466C66 /* Resources */,
				23604DAF26F24AA800466C66 /* Managers */,
				23604DAE26F24A8200466C66 /* ViewModels */,
				23604DAD26F24A5900466C66 /* Models */,
				23604DAC26F24A4A00466C66 /* View */,
				23604DAB26F24A3F00466C66 /* Controllers */,
				23604DA526F2496900466C66 /* Info.plist */,
			);
			path = SpotifyClone;
			sourceTree = "<group>";
		};
		23604DAB26F24A3F00466C66 /* Controllers */ = {
			isa = PBXGroup;
			children = (
				23604DB826F24E3600466C66 /* Other */,
				23604DB726F24E0D00466C66 /* Core */,
			);
			path = Controllers;
			sourceTree = "<group>";
		};
		23604DAC26F24A4A00466C66 /* View */ = {
			isa = PBXGroup;
			children = (
				23604DA226F2496900466C66 /* LaunchScreen.storyboard */,
			);
			path = View;
			sourceTree = "<group>";
		};
		23604DAD26F24A5900466C66 /* Models */ = {
			isa = PBXGroup;
			children = (
				23604DCD26F24FA700466C66 /* Playlist.swift */,
				23604DCF26F24FB900466C66 /* AudioTrack.swift */,
				23604DD126F24FC900466C66 /* Artist.swift */,
				23604DD326F24FE700466C66 /* UserProfile.swift */,
			);
			path = Models;
			sourceTree = "<group>";
		};
		23604DAE26F24A8200466C66 /* ViewModels */ = {
			isa = PBXGroup;
			children = (
			);
			path = ViewModels;
			sourceTree = "<group>";
		};
		23604DAF26F24AA800466C66 /* Managers */ = {
			isa = PBXGroup;
			children = (
				23604DC726F24F4900466C66 /* AuthManager.swift */,
				23604DC926F24F6300466C66 /* APICaller.swift */,
				23604DCB26F24F8600466C66 /* HapticsManager.swift */,
			);
			path = Managers;
			sourceTree = "<group>";
		};
		23604DB026F24ABC00466C66 /* Resources */ = {
			isa = PBXGroup;
			children = (
				23604D9726F2496600466C66 /* AppDelegate.swift */,
				23604D9926F2496600466C66 /* SceneDelegate.swift */,
				23604DA026F2496900466C66 /* Assets.xcassets */,
			);
			path = Resources;
			sourceTree = "<group>";
		};
		23604DB726F24E0D00466C66 /* Core */ = {
			isa = PBXGroup;
			children = (
				23604DB326F24DD000466C66 /* SearchViewController.swift */,
				23604DB526F24DF900466C66 /* LibraryViewController.swift */,
				23604D9B26F2496600466C66 /* HomeViewController.swift */,
				23604DB126F24D8300466C66 /* TabBarViewController.swift */,
			);
			path = Core;
			sourceTree = "<group>";
		};
		23604DB826F24E3600466C66 /* Other */ = {
			isa = PBXGroup;
			children = (
				23604DB926F24E5E00466C66 /* AuthViewController.swift */,
				23604DBB26F24E7500466C66 /* WelcomeViewController.swift */,
				23604DBD26F24EA600466C66 /* SettingsViewController.swift */,
				23604DBF26F24EB900466C66 /* ProfileViewController.swift */,
				23604DC126F24ECD00466C66 /* PlayerViewController.swift */,
				23604DC326F24EE500466C66 /* PlaylistViewController.swift */,
				23604DC526F24F0300466C66 /* SearchResultsViewController.swift */,
			);
			path = Other;
			sourceTree = "<group>";
		};
/* End PBXGroup section */

/* Begin PBXNativeTarget section */
		23604D9326F2496600466C66 /* SpotifyClone */ = {
			isa = PBXNativeTarget;
			buildConfigurationList = 23604DA826F2496900466C66 /* Build configuration list for PBXNativeTarget "SpotifyClone" */;
			buildPhases = (
				23604D9026F2496600466C66 /* Sources */,
				23604D9126F2496600466C66 /* Frameworks */,
				23604D9226F2496600466C66 /* Resources */,
			);
			buildRules = (
			);
			dependencies = (
			);
			name = SpotifyClone;
			productName = SpotifyClone;
			productReference = 23604D9426F2496600466C66 /* SpotifyClone.app */;
			productType = "com.apple.product-type.application";
		};
/* End PBXNativeTarget section */

/* Begin PBXProject section */
		23604D8C26F2496600466C66 /* Project object */ = {
			isa = PBXProject;
			attributes = {
				LastSwiftUpdateCheck = 1250;
				LastUpgradeCheck = 1250;
				TargetAttributes = {
					23604D9326F2496600466C66 = {
						CreatedOnToolsVersion = 12.5.1;
					};
				};
			};
			buildConfigurationList = 23604D8F26F2496600466C66 /* Build configuration list for PBXProject "SpotifyClone" */;
			compatibilityVersion = "Xcode 9.3";
			developmentRegion = en;
			hasScannedForEncodings = 0;
			knownRegions = (
				en,
				Base,
			);
			mainGroup = 23604D8B26F2496600466C66;
			productRefGroup = 23604D9526F2496600466C66 /* Products */;
			projectDirPath = "";
			projectRoot = "";
			targets = (
				23604D9326F2496600466C66 /* SpotifyClone */,
			);
		};
/* End PBXProject section */

/* Begin PBXResourcesBuildPhase section */
		23604D9226F2496600466C66 /* Resources */ = {
			isa = PBXResourcesBuildPhase;
			buildActionMask = 2147483647;
			files = (
				23604DA426F2496900466C66 /* LaunchScreen.storyboard in Resources */,
				23604DA126F2496900466C66 /* Assets.xcassets in Resources */,
			);
			runOnlyForDeploymentPostprocessing = 0;
		};
/* End PBXResourcesBuildPhase section */

/* Begin PBXSourcesBuildPhase section */
		23604D9026F2496600466C66 /* Sources */ = {
			isa = PBXSourcesBuildPhase;
			buildActionMask = 2147483647;
			files = (
				23604DB426F24DD000466C66 /* SearchViewController.swift in Sources */,
				23604DCE26F24FA700466C66 /* Playlist.swift in Sources */,
				23604DC826F24F4900466C66 /* AuthManager.swift in Sources */,
				23604DC626F24F0300466C66 /* SearchResultsViewController.swift in Sources */,
				23604DBC26F24E7500466C66 /* WelcomeViewController.swift in Sources */,
				23604DC026F24EB900466C66 /* ProfileViewController.swift in Sources */,
				23604DB226F24D8300466C66 /* TabBarViewController.swift in Sources */,
				23604DCC26F24F8600466C66 /* HapticsManager.swift in Sources */,
				23604DD026F24FB900466C66 /* AudioTrack.swift in Sources */,
				23604D9C26F2496600466C66 /* HomeViewController.swift in Sources */,
				23604DBA26F24E5E00466C66 /* AuthViewController.swift in Sources */,
				23604D9826F2496600466C66 /* AppDelegate.swift in Sources */,
				23604DD426F24FE700466C66 /* UserProfile.swift in Sources */,
				23604DB626F24DF900466C66 /* LibraryViewController.swift in Sources */,
				23604DD226F24FC900466C66 /* Artist.swift in Sources */,
				23604DC426F24EE500466C66 /* PlaylistViewController.swift in Sources */,
				23604D9A26F2496600466C66 /* SceneDelegate.swift in Sources */,
				23604DC226F24ECD00466C66 /* PlayerViewController.swift in Sources */,
				23604DCA26F24F6300466C66 /* APICaller.swift in Sources */,
				23604DBE26F24EA600466C66 /* SettingsViewController.swift in Sources */,
			);
			runOnlyForDeploymentPostprocessing = 0;
		};
/* End PBXSourcesBuildPhase section */

/* Begin PBXVariantGroup section */
		23604DA226F2496900466C66 /* LaunchScreen.storyboard */ = {
			isa = PBXVariantGroup;
			children = (
				23604DA326F2496900466C66 /* Base */,
			);
			name = LaunchScreen.storyboard;
			sourceTree = "<group>";
		};
/* End PBXVariantGroup section */

/* Begin XCBuildConfiguration section */
		23604DA626F2496900466C66 /* Debug */ = {
			isa = XCBuildConfiguration;
			buildSettings = {
				ALWAYS_SEARCH_USER_PATHS = NO;
				CLANG_ANALYZER_NONNULL = YES;
				CLANG_ANALYZER_NUMBER_OBJECT_CONVERSION = YES_AGGRESSIVE;
				CLANG_CXX_LANGUAGE_STANDARD = "gnu++14";
				CLANG_CXX_LIBRARY = "libc++";
				CLANG_ENABLE_MODULES = YES;
				CLANG_ENABLE_OBJC_ARC = YES;
				CLANG_ENABLE_OBJC_WEAK = YES;
				CLANG_WARN_BLOCK_CAPTURE_AUTORELEASING = YES;
				CLANG_WARN_BOOL_CONVERSION = YES;
				CLANG_WARN_COMMA = YES;
				CLANG_WARN_CONSTANT_CONVERSION = YES;
				CLANG_WARN_DEPRECATED_OBJC_IMPLEMENTATIONS = YES;
				CLANG_WARN_DIRECT_OBJC_ISA_USAGE = YES_ERROR;
				CLANG_WARN_DOCUMENTATION_COMMENTS = YES;
				CLANG_WARN_EMPTY_BODY = YES;
				CLANG_WARN_ENUM_CONVERSION = YES;
				CLANG_WARN_INFINITE_RECURSION = YES;
				CLANG_WARN_INT_CONVERSION = YES;
				CLANG_WARN_NON_LITERAL_NULL_CONVERSION = YES;
				CLANG_WARN_OBJC_IMPLICIT_RETAIN_SELF = YES;
				CLANG_WARN_OBJC_LITERAL_CONVERSION = YES;
				CLANG_WARN_OBJC_ROOT_CLASS = YES_ERROR;
				CLANG_WARN_QUOTED_INCLUDE_IN_FRAMEWORK_HEADER = YES;
				CLANG_WARN_RANGE_LOOP_ANALYSIS = YES;
				CLANG_WARN_STRICT_PROTOTYPES = YES;
				CLANG_WARN_SUSPICIOUS_MOVE = YES;
				CLANG_WARN_UNGUARDED_AVAILABILITY = YES_AGGRESSIVE;
				CLANG_WARN_UNREACHABLE_CODE = YES;
				CLANG_WARN__DUPLICATE_METHOD_MATCH = YES;
				COPY_PHASE_STRIP = NO;
				DEBUG_INFORMATION_FORMAT = dwarf;
				ENABLE_STRICT_OBJC_MSGSEND = YES;
				ENABLE_TESTABILITY = YES;
				GCC_C_LANGUAGE_STANDARD = gnu11;
				GCC_DYNAMIC_NO_PIC = NO;
				GCC_NO_COMMON_BLOCKS = YES;
				GCC_OPTIMIZATION_LEVEL = 0;
				GCC_PREPROCESSOR_DEFINITIONS = (
					"DEBUG=1",
					"$(inherited)",
				);
				GCC_WARN_64_TO_32_BIT_CONVERSION = YES;
				GCC_WARN_ABOUT_RETURN_TYPE = YES_ERROR;
				GCC_WARN_UNDECLARED_SELECTOR = YES;
				GCC_WARN_UNINITIALIZED_AUTOS = YES_AGGRESSIVE;
				GCC_WARN_UNUSED_FUNCTION = YES;
				GCC_WARN_UNUSED_VARIABLE = YES;
				IPHONEOS_DEPLOYMENT_TARGET = 14.5;
				MTL_ENABLE_DEBUG_INFO = INCLUDE_SOURCE;
				MTL_FAST_MATH = YES;
				ONLY_ACTIVE_ARCH = YES;
				SDKROOT = iphoneos;
				SWIFT_ACTIVE_COMPILATION_CONDITIONS = DEBUG;
				SWIFT_OPTIMIZATION_LEVEL = "-Onone";
			};
			name = Debug;
		};
		23604DA726F2496900466C66 /* Release */ = {
			isa = XCBuildConfiguration;
			buildSettings = {
				ALWAYS_SEARCH_USER_PATHS = NO;
				CLANG_ANALYZER_NONNULL = YES;
				CLANG_ANALYZER_NUMBER_OBJECT_CONVERSION = YES_AGGRESSIVE;
				CLANG_CXX_LANGUAGE_STANDARD = "gnu++14";
				CLANG_CXX_LIBRARY = "libc++";
				CLANG_ENABLE_MODULES = YES;
				CLANG_ENABLE_OBJC_ARC = YES;
				CLANG_ENABLE_OBJC_WEAK = YES;
				CLANG_WARN_BLOCK_CAPTURE_AUTORELEASING = YES;
				CLANG_WARN_BOOL_CONVERSION = YES;
				CLANG_WARN_COMMA = YES;
				CLANG_WARN_CONSTANT_CONVERSION = YES;
				CLANG_WARN_DEPRECATED_OBJC_IMPLEMENTATIONS = YES;
				CLANG_WARN_DIRECT_OBJC_ISA_USAGE = YES_ERROR;
				CLANG_WARN_DOCUMENTATION_COMMENTS = YES;
				CLANG_WARN_EMPTY_BODY = YES;
				CLANG_WARN_ENUM_CONVERSION = YES;
				CLANG_WARN_INFINITE_RECURSION = YES;
				CLANG_WARN_INT_CONVERSION = YES;
				CLANG_WARN_NON_LITERAL_NULL_CONVERSION = YES;
				CLANG_WARN_OBJC_IMPLICIT_RETAIN_SELF = YES;
				CLANG_WARN_OBJC_LITERAL_CONVERSION = YES;
				CLANG_WARN_OBJC_ROOT_CLASS = YES_ERROR;
				CLANG_WARN_QUOTED_INCLUDE_IN_FRAMEWORK_HEADER = YES;
				CLANG_WARN_RANGE_LOOP_ANALYSIS = YES;
				CLANG_WARN_STRICT_PROTOTYPES = YES;
				CLANG_WARN_SUSPICIOUS_MOVE = YES;
				CLANG_WARN_UNGUARDED_AVAILABILITY = YES_AGGRESSIVE;
				CLANG_WARN_UNREACHABLE_CODE = YES;
				CLANG_WARN__DUPLICATE_METHOD_MATCH = YES;
				COPY_PHASE_STRIP = NO;
				DEBUG_INFORMATION_FORMAT = "dwarf-with-dsym";
				ENABLE_NS_ASSERTIONS = NO;
				ENABLE_STRICT_OBJC_MSGSEND = YES;
				GCC_C_LANGUAGE_STANDARD = gnu11;
				GCC_NO_COMMON_BLOCKS = YES;
				GCC_WARN_64_TO_32_BIT_CONVERSION = YES;
				GCC_WARN_ABOUT_RETURN_TYPE = YES_ERROR;
				GCC_WARN_UNDECLARED_SELECTOR = YES;
				GCC_WARN_UNINITIALIZED_AUTOS = YES_AGGRESSIVE;
				GCC_WARN_UNUSED_FUNCTION = YES;
				GCC_WARN_UNUSED_VARIABLE = YES;
				IPHONEOS_DEPLOYMENT_TARGET = 14.5;
				MTL_ENABLE_DEBUG_INFO = NO;
				MTL_FAST_MATH = YES;
				SDKROOT = iphoneos;
				SWIFT_COMPILATION_MODE = wholemodule;
				SWIFT_OPTIMIZATION_LEVEL = "-O";
				VALIDATE_PRODUCT = YES;
			};
			name = Release;
		};
		23604DA926F2496900466C66 /* Debug */ = {
			isa = XCBuildConfiguration;
			buildSettings = {
				ASSETCATALOG_COMPILER_APPICON_NAME = AppIcon;
				ASSETCATALOG_COMPILER_GLOBAL_ACCENT_COLOR_NAME = AccentColor;
				CODE_SIGN_STYLE = Automatic;
				INFOPLIST_FILE = SpotifyClone/Info.plist;
				LD_RUNPATH_SEARCH_PATHS = (
					"$(inherited)",
					"@executable_path/Frameworks",
				);
				PRODUCT_BUNDLE_IDENTIFIER = PedroJSMK.SpotifyClone;
				PRODUCT_NAME = "$(TARGET_NAME)";
				SWIFT_VERSION = 5.0;
				TARGETED_DEVICE_FAMILY = "1,2";
			};
			name = Debug;
		};
		23604DAA26F2496900466C66 /* Release */ = {
			isa = XCBuildConfiguration;
			buildSettings = {
				ASSETCATALOG_COMPILER_APPICON_NAME = AppIcon;
				ASSETCATALOG_COMPILER_GLOBAL_ACCENT_COLOR_NAME = AccentColor;
				CODE_SIGN_STYLE = Automatic;
				INFOPLIST_FILE = SpotifyClone/Info.plist;
				LD_RUNPATH_SEARCH_PATHS = (
					"$(inherited)",
					"@executable_path/Frameworks",
				);
				PRODUCT_BUNDLE_IDENTIFIER = PedroJSMK.SpotifyClone;
				PRODUCT_NAME = "$(TARGET_NAME)";
				SWIFT_VERSION = 5.0;
				TARGETED_DEVICE_FAMILY = "1,2";
			};
			name = Release;
		};
/* End XCBuildConfiguration section */

/* Begin XCConfigurationList section */
		23604D8F26F2496600466C66 /* Build configuration list for PBXProject "SpotifyClone" */ = {
			isa = XCConfigurationList;
			buildConfigurations = (
				23604DA626F2496900466C66 /* Debug */,
				23604DA726F2496900466C66 /* Release */,
			);
			defaultConfigurationIsVisible = 0;
			defaultConfigurationName = Release;
		};
		23604DA826F2496900466C66 /* Build configuration list for PBXNativeTarget "SpotifyClone" */ = {
			isa = XCConfigurationList;
			buildConfigurations = (
				23604DA926F2496900466C66 /* Debug */,
				23604DAA26F2496900466C66 /* Release */,
			);
			defaultConfigurationIsVisible = 0;
			defaultConfigurationName = Release;
		};
/* End XCConfigurationList section */
	};
	rootObject = 23604D8C26F2496600466C66 /* Project object */;
}
