// !$*UTF8*$!
{
	archiveVersion = 1;
	classes = {
	};
	objectVersion = 51;
	objects = {

/* Begin PBXBuildFile section */
		23604D9826F2496600466C66 /* AppDelegate.swift in Sources */ = {isa = PBXBuildFile; fileRef = 23604D9726F2496600466C66 /* AppDelegate.swift */; };
		23604D9A26F2496600466C66 /* SceneDelegate.swift in Sources */ = {isa = PBXBuildFile; fileRef = 23604D9926F2496600466C66 /* SceneDelegate.swift */; };
		23604D9C26F2496600466C66 /* HomeViewController.swift in Sources */ = {isa = PBXBuildFile; fileRef = 23604D9B26F2496600466C66 /* HomeViewController.swift */; };
		23604DA126F2496900466C66 /* Assets.xcassets in Resources */ = {isa = PBXBuildFile; fileRef = 23604DA026F2496900466C66 /* Assets.xcassets */; };
		23604DA426F2496900466C66 /* LaunchScreen.storyboard in Resources */ = {isa = PBXBuildFile; fileRef = 23604DA226F2496900466C66 /* LaunchScreen.storyboard */; };
		23604DB226F24D8300466C66 /* TabBarViewController.swift in Sources */ = {isa = PBXBuildFile; fileRef = 23604DB126F24D8300466C66 /* TabBarViewController.swift */; };
		23604DB426F24DD000466C66 /* SearchViewController.swift in Sources */ = {isa = PBXBuildFile; fileRef = 23604DB326F24DD000466C66 /* SearchViewController.swift */; };
		23604DB626F24DF900466C66 /* LibraryViewController.swift in Sources */ = {isa = PBXBuildFile; fileRef = 23604DB526F24DF900466C66 /* LibraryViewController.swift */; };
		23604DBA26F24E5E00466C66 /* AuthViewController.swift in Sources */ = {isa = PBXBuildFile; fileRef = 23604DB926F24E5E00466C66 /* AuthViewController.swift */; };
		23604DBC26F24E7500466C66 /* WelcomeViewController.swift in Sources */ = {isa = PBXBuildFile; fileRef = 23604DBB26F24E7500466C66 /* WelcomeViewController.swift */; };
		23604DBE26F24EA600466C66 /* SettingsViewController.swift in Sources */ = {isa = PBXBuildFile; fileRef = 23604DBD26F24EA600466C66 /* SettingsViewController.swift */; };
		23604DC026F24EB900466C66 /* ProfileViewController.swift in Sources */ = {isa = PBXBuildFile; fileRef = 23604DBF26F24EB900466C66 /* ProfileViewController.swift */; };
		23604DC226F24ECD00466C66 /* PlayerViewController.swift in Sources */ = {isa = PBXBuildFile; fileRef = 23604DC126F24ECD00466C66 /* PlayerViewController.swift */; };
		23604DC426F24EE500466C66 /* PlaylistViewController.swift in Sources */ = {isa = PBXBuildFile; fileRef = 23604DC326F24EE500466C66 /* PlaylistViewController.swift */; };
		23604DC626F24F0300466C66 /* SearchResultsViewController.swift in Sources */ = {isa = PBXBuildFile; fileRef = 23604DC526F24F0300466C66 /* SearchResultsViewController.swift */; };
		23604DC826F24F4900466C66 /* AuthManager.swift in Sources */ = {isa = PBXBuildFile; fileRef = 23604DC726F24F4900466C66 /* AuthManager.swift */; };
		23604DCA26F24F6300466C66 /* APICaller.swift in Sources */ = {isa = PBXBuildFile; fileRef = 23604DC926F24F6300466C66 /* APICaller.swift */; };
		23604DCC26F24F8600466C66 /* HapticsManager.swift in Sources */ = {isa = PBXBuildFile; fileRef = 23604DCB26F24F8600466C66 /* HapticsManager.swift */; };
		23604DCE26F24FA700466C66 /* Playlist.swift in Sources */ = {isa = PBXBuildFile; fileRef = 23604DCD26F24FA700466C66 /* Playlist.swift */; };
		23604DD026F24FB900466C66 /* AudioTrack.swift in Sources */ = {isa = PBXBuildFile; fileRef = 23604DCF26F24FB900466C66 /* AudioTrack.swift */; };
		23604DD226F24FC900466C66 /* Artist.swift in Sources */ = {isa = PBXBuildFile; fileRef = 23604DD126F24FC900466C66 /* Artist.swift */; };
		23604DD426F24FE700466C66 /* UserProfile.swift in Sources */ = {isa = PBXBuildFile; fileRef = 23604DD326F24FE700466C66 /* UserProfile.swift */; };
		23604DD626F3671C00466C66 /* Extensions.swift in Sources */ = {isa = PBXBuildFile; fileRef = 23604DD526F3671C00466C66 /* Extensions.swift */; };
		23604DD826F4CA2A00466C66 /* AuthResponse.swift in Sources */ = {isa = PBXBuildFile; fileRef = 23604DD726F4CA2A00466C66 /* AuthResponse.swift */; };
		23604DDA26F513E200466C66 /* SettingsModels.swift in Sources */ = {isa = PBXBuildFile; fileRef = 23604DD926F513E200466C66 /* SettingsModels.swift */; };
		23604DDC26F6335B00466C66 /* NewReleasesCellViewModel.swift in Sources */ = {isa = PBXBuildFile; fileRef = 23604DDB26F6335B00466C66 /* NewReleasesCellViewModel.swift */; };
		23604DDE26F6338800466C66 /* FeaturedPlaylistCellViewModel.swift in Sources */ = {isa = PBXBuildFile; fileRef = 23604DDD26F6338800466C66 /* FeaturedPlaylistCellViewModel.swift */; };
		23604DE026F633AC00466C66 /* RecommendedTrackCellViewModel.swift in Sources */ = {isa = PBXBuildFile; fileRef = 23604DDF26F633AC00466C66 /* RecommendedTrackCellViewModel.swift */; };
		23604DE226F633CA00466C66 /* PlaylistHeaderViewViewModel.swift in Sources */ = {isa = PBXBuildFile; fileRef = 23604DE126F633CA00466C66 /* PlaylistHeaderViewViewModel.swift */; };
		23604DE426F633E600466C66 /* AlbumCollectionViewCellViewModel.swift in Sources */ = {isa = PBXBuildFile; fileRef = 23604DE326F633E600466C66 /* AlbumCollectionViewCellViewModel.swift */; };
		23604DE626F6340400466C66 /* CategoryCollectionViewCellViewModel.swift in Sources */ = {isa = PBXBuildFile; fileRef = 23604DE526F6340400466C66 /* CategoryCollectionViewCellViewModel.swift */; };
		23604DE826F6342600466C66 /* SearchResultDefaultTableViewCellViewModel.swift in Sources */ = {isa = PBXBuildFile; fileRef = 23604DE726F6342600466C66 /* SearchResultDefaultTableViewCellViewModel.swift */; };
		23604DEA26F6344900466C66 /* SearchResultSubtitleTableViewCellViewModel.swift in Sources */ = {isa = PBXBuildFile; fileRef = 23604DE926F6344900466C66 /* SearchResultSubtitleTableViewCellViewModel.swift */; };
		23604DEC26F634F900466C66 /* NewReleasesResponse.swift in Sources */ = {isa = PBXBuildFile; fileRef = 23604DEB26F634F900466C66 /* NewReleasesResponse.swift */; };
		23604DEE26F6352400466C66 /* APIImage.swift in Sources */ = {isa = PBXBuildFile; fileRef = 23604DED26F6352400466C66 /* APIImage.swift */; };
		23604DF026F6353900466C66 /* FeaturedPlaylistsResponse.swift in Sources */ = {isa = PBXBuildFile; fileRef = 23604DEF26F6353900466C66 /* FeaturedPlaylistsResponse.swift */; };
		23604DF226F6355600466C66 /* RecommendedGenresResponse.swift in Sources */ = {isa = PBXBuildFile; fileRef = 23604DF126F6355600466C66 /* RecommendedGenresResponse.swift */; };
		23604DF426F6356F00466C66 /* RecommendationsResponse.swift in Sources */ = {isa = PBXBuildFile; fileRef = 23604DF326F6356F00466C66 /* RecommendationsResponse.swift */; };
		23604DF626F6358400466C66 /* AlbumDetailsResponse.swift in Sources */ = {isa = PBXBuildFile; fileRef = 23604DF526F6358400466C66 /* AlbumDetailsResponse.swift */; };
		23604DF826F6359C00466C66 /* PlaylistDetailsResponse.swift in Sources */ = {isa = PBXBuildFile; fileRef = 23604DF726F6359C00466C66 /* PlaylistDetailsResponse.swift */; };
		23604DFA26F635B900466C66 /* AllCategoriesResponse.swift in Sources */ = {isa = PBXBuildFile; fileRef = 23604DF926F635B900466C66 /* AllCategoriesResponse.swift */; };
		23604DFC26F635D000466C66 /* SearchResultResponse.swift in Sources */ = {isa = PBXBuildFile; fileRef = 23604DFB26F635D000466C66 /* SearchResultResponse.swift */; };
		23604DFE26F635F000466C66 /* SearchResult.swift in Sources */ = {isa = PBXBuildFile; fileRef = 23604DFD26F635F000466C66 /* SearchResult.swift */; };
		23604E0026F6360300466C66 /* LibraryPlaylistsResponse.swift in Sources */ = {isa = PBXBuildFile; fileRef = 23604DFF26F6360300466C66 /* LibraryPlaylistsResponse.swift */; };
		23604E0226F6361600466C66 /* LibraryAlbumsResponse.swift in Sources */ = {isa = PBXBuildFile; fileRef = 23604E0126F6361600466C66 /* LibraryAlbumsResponse.swift */; };
		23604E0526F6376800466C66 /* PlaybackPresenter.swift in Sources */ = {isa = PBXBuildFile; fileRef = 23604E0426F6376800466C66 /* PlaybackPresenter.swift */; };
		23604E0826F637F700466C66 /* SearchResultDefaultTableViewCell.swift in Sources */ = {isa = PBXBuildFile; fileRef = 23604E0726F637F700466C66 /* SearchResultDefaultTableViewCell.swift */; };
		23604E0A26F6381200466C66 /* SearchResultSubtitleTableViewCell.swift in Sources */ = {isa = PBXBuildFile; fileRef = 23604E0926F6381200466C66 /* SearchResultSubtitleTableViewCell.swift */; };
		23604E0D26F6384F00466C66 /* NewReleaseCollectionViewCell.swift in Sources */ = {isa = PBXBuildFile; fileRef = 23604E0C26F6384F00466C66 /* NewReleaseCollectionViewCell.swift */; };
		23604E0F26F6386700466C66 /* FeaturedPlaylistCollectionViewCell.swift in Sources */ = {isa = PBXBuildFile; fileRef = 23604E0E26F6386700466C66 /* FeaturedPlaylistCollectionViewCell.swift */; };
		23604E1126F6388800466C66 /* RecommendedTrackCollectionViewCell.swift in Sources */ = {isa = PBXBuildFile; fileRef = 23604E1026F6388800466C66 /* RecommendedTrackCollectionViewCell.swift */; };
		23604E1326F6394800466C66 /* PlaylistHeaderCollectionReusableView.swift in Sources */ = {isa = PBXBuildFile; fileRef = 23604E1226F6394800466C66 /* PlaylistHeaderCollectionReusableView.swift */; };
		23604E1526F6396C00466C66 /* TitleHeaderCollectionReusableView.swift in Sources */ = {isa = PBXBuildFile; fileRef = 23604E1426F6396C00466C66 /* TitleHeaderCollectionReusableView.swift */; };
		23604E1726F6398400466C66 /* AlbumTrackCollectionViewCell.swift in Sources */ = {isa = PBXBuildFile; fileRef = 23604E1626F6398400466C66 /* AlbumTrackCollectionViewCell.swift */; };
		23604E1926F6399D00466C66 /* GenreCollectionViewCell.swift in Sources */ = {isa = PBXBuildFile; fileRef = 23604E1826F6399D00466C66 /* GenreCollectionViewCell.swift */; };
		23604E1B26F639B300466C66 /* PlayerControlsView.swift in Sources */ = {isa = PBXBuildFile; fileRef = 23604E1A26F639B300466C66 /* PlayerControlsView.swift */; };
		23604E1D26F639CC00466C66 /* LibraryToggleView.swift in Sources */ = {isa = PBXBuildFile; fileRef = 23604E1C26F639CC00466C66 /* LibraryToggleView.swift */; };
		23604E1F26F639E900466C66 /* ActionLabelView.swift in Sources */ = {isa = PBXBuildFile; fileRef = 23604E1E26F639E900466C66 /* ActionLabelView.swift */; };
		23604E2226F63A9500466C66 /* LibraryPlaylistsViewController.swift in Sources */ = {isa = PBXBuildFile; fileRef = 23604E2126F63A9500466C66 /* LibraryPlaylistsViewController.swift */; };
		23604E2426F63AB700466C66 /* LibraryAlbumsViewController.swift in Sources */ = {isa = PBXBuildFile; fileRef = 23604E2326F63AB700466C66 /* LibraryAlbumsViewController.swift */; };
		23604E2626F63BA500466C66 /* AlbumViewController.swift in Sources */ = {isa = PBXBuildFile; fileRef = 23604E2526F63BA500466C66 /* AlbumViewController.swift */; };
		23604E2826F63BCC00466C66 /* CategoryViewController.swift in Sources */ = {isa = PBXBuildFile; fileRef = 23604E2726F63BCC00466C66 /* CategoryViewController.swift */; };
		4D71F322B53931C888B26C6A /* Pods_SpotifyClone.framework in Frameworks */ = {isa = PBXBuildFile; fileRef = 20754C35C4ECC6C2EC3DA16E /* Pods_SpotifyClone.framework */; };
/* End PBXBuildFile section */

/* Begin PBXFileReference section */
		20754C35C4ECC6C2EC3DA16E /* Pods_SpotifyClone.framework */ = {isa = PBXFileReference; explicitFileType = wrapper.framework; includeInIndex = 0; path = Pods_SpotifyClone.framework; sourceTree = BUILT_PRODUCTS_DIR; };
		23604D9426F2496600466C66 /* SpotifyClone.app */ = {isa = PBXFileReference; explicitFileType = wrapper.application; includeInIndex = 0; path = SpotifyClone.app; sourceTree = BUILT_PRODUCTS_DIR; };
		23604D9726F2496600466C66 /* AppDelegate.swift */ = {isa = PBXFileReference; lastKnownFileType = sourcecode.swift; path = AppDelegate.swift; sourceTree = "<group>"; };
		23604D9926F2496600466C66 /* SceneDelegate.swift */ = {isa = PBXFileReference; lastKnownFileType = sourcecode.swift; path = SceneDelegate.swift; sourceTree = "<group>"; };
		23604D9B26F2496600466C66 /* HomeViewController.swift */ = {isa = PBXFileReference; lastKnownFileType = sourcecode.swift; path = HomeViewController.swift; sourceTree = "<group>"; };
		23604DA026F2496900466C66 /* Assets.xcassets */ = {isa = PBXFileReference; lastKnownFileType = folder.assetcatalog; path = Assets.xcassets; sourceTree = "<group>"; };
		23604DA326F2496900466C66 /* Base */ = {isa = PBXFileReference; lastKnownFileType = file.storyboard; name = Base; path = Base.lproj/LaunchScreen.storyboard; sourceTree = "<group>"; };
		23604DA526F2496900466C66 /* Info.plist */ = {isa = PBXFileReference; lastKnownFileType = text.plist.xml; path = Info.plist; sourceTree = "<group>"; };
		23604DB126F24D8300466C66 /* TabBarViewController.swift */ = {isa = PBXFileReference; lastKnownFileType = sourcecode.swift; path = TabBarViewController.swift; sourceTree = "<group>"; };
		23604DB326F24DD000466C66 /* SearchViewController.swift */ = {isa = PBXFileReference; lastKnownFileType = sourcecode.swift; path = SearchViewController.swift; sourceTree = "<group>"; };
		23604DB526F24DF900466C66 /* LibraryViewController.swift */ = {isa = PBXFileReference; lastKnownFileType = sourcecode.swift; path = LibraryViewController.swift; sourceTree = "<group>"; };
		23604DB926F24E5E00466C66 /* AuthViewController.swift */ = {isa = PBXFileReference; lastKnownFileType = sourcecode.swift; path = AuthViewController.swift; sourceTree = "<group>"; };
		23604DBB26F24E7500466C66 /* WelcomeViewController.swift */ = {isa = PBXFileReference; lastKnownFileType = sourcecode.swift; path = WelcomeViewController.swift; sourceTree = "<group>"; };
		23604DBD26F24EA600466C66 /* SettingsViewController.swift */ = {isa = PBXFileReference; lastKnownFileType = sourcecode.swift; path = SettingsViewController.swift; sourceTree = "<group>"; };
		23604DBF26F24EB900466C66 /* ProfileViewController.swift */ = {isa = PBXFileReference; lastKnownFileType = sourcecode.swift; path = ProfileViewController.swift; sourceTree = "<group>"; };
		23604DC126F24ECD00466C66 /* PlayerViewController.swift */ = {isa = PBXFileReference; lastKnownFileType = sourcecode.swift; path = PlayerViewController.swift; sourceTree = "<group>"; };
		23604DC326F24EE500466C66 /* PlaylistViewController.swift */ = {isa = PBXFileReference; lastKnownFileType = sourcecode.swift; path = PlaylistViewController.swift; sourceTree = "<group>"; };
		23604DC526F24F0300466C66 /* SearchResultsViewController.swift */ = {isa = PBXFileReference; lastKnownFileType = sourcecode.swift; path = SearchResultsViewController.swift; sourceTree = "<group>"; };
		23604DC726F24F4900466C66 /* AuthManager.swift */ = {isa = PBXFileReference; lastKnownFileType = sourcecode.swift; path = AuthManager.swift; sourceTree = "<group>"; };
		23604DC926F24F6300466C66 /* APICaller.swift */ = {isa = PBXFileReference; lastKnownFileType = sourcecode.swift; path = APICaller.swift; sourceTree = "<group>"; };
		23604DCB26F24F8600466C66 /* HapticsManager.swift */ = {isa = PBXFileReference; lastKnownFileType = sourcecode.swift; path = HapticsManager.swift; sourceTree = "<group>"; };
		23604DCD26F24FA700466C66 /* Playlist.swift */ = {isa = PBXFileReference; lastKnownFileType = sourcecode.swift; path = Playlist.swift; sourceTree = "<group>"; };
		23604DCF26F24FB900466C66 /* AudioTrack.swift */ = {isa = PBXFileReference; lastKnownFileType = sourcecode.swift; path = AudioTrack.swift; sourceTree = "<group>"; };
		23604DD126F24FC900466C66 /* Artist.swift */ = {isa = PBXFileReference; lastKnownFileType = sourcecode.swift; path = Artist.swift; sourceTree = "<group>"; };
		23604DD326F24FE700466C66 /* UserProfile.swift */ = {isa = PBXFileReference; lastKnownFileType = sourcecode.swift; path = UserProfile.swift; sourceTree = "<group>"; };
		23604DD526F3671C00466C66 /* Extensions.swift */ = {isa = PBXFileReference; lastKnownFileType = sourcecode.swift; path = Extensions.swift; sourceTree = "<group>"; };
		23604DD726F4CA2A00466C66 /* AuthResponse.swift */ = {isa = PBXFileReference; lastKnownFileType = sourcecode.swift; path = AuthResponse.swift; sourceTree = "<group>"; };
		23604DD926F513E200466C66 /* SettingsModels.swift */ = {isa = PBXFileReference; lastKnownFileType = sourcecode.swift; path = SettingsModels.swift; sourceTree = "<group>"; };
		23604DDB26F6335B00466C66 /* NewReleasesCellViewModel.swift */ = {isa = PBXFileReference; lastKnownFileType = sourcecode.swift; path = NewReleasesCellViewModel.swift; sourceTree = "<group>"; };
		23604DDD26F6338800466C66 /* FeaturedPlaylistCellViewModel.swift */ = {isa = PBXFileReference; lastKnownFileType = sourcecode.swift; path = FeaturedPlaylistCellViewModel.swift; sourceTree = "<group>"; };
		23604DDF26F633AC00466C66 /* RecommendedTrackCellViewModel.swift */ = {isa = PBXFileReference; lastKnownFileType = sourcecode.swift; path = RecommendedTrackCellViewModel.swift; sourceTree = "<group>"; };
		23604DE126F633CA00466C66 /* PlaylistHeaderViewViewModel.swift */ = {isa = PBXFileReference; lastKnownFileType = sourcecode.swift; path = PlaylistHeaderViewViewModel.swift; sourceTree = "<group>"; };
		23604DE326F633E600466C66 /* AlbumCollectionViewCellViewModel.swift */ = {isa = PBXFileReference; lastKnownFileType = sourcecode.swift; path = AlbumCollectionViewCellViewModel.swift; sourceTree = "<group>"; };
		23604DE526F6340400466C66 /* CategoryCollectionViewCellViewModel.swift */ = {isa = PBXFileReference; lastKnownFileType = sourcecode.swift; path = CategoryCollectionViewCellViewModel.swift; sourceTree = "<group>"; };
		23604DE726F6342600466C66 /* SearchResultDefaultTableViewCellViewModel.swift */ = {isa = PBXFileReference; lastKnownFileType = sourcecode.swift; path = SearchResultDefaultTableViewCellViewModel.swift; sourceTree = "<group>"; };
		23604DE926F6344900466C66 /* SearchResultSubtitleTableViewCellViewModel.swift */ = {isa = PBXFileReference; lastKnownFileType = sourcecode.swift; path = SearchResultSubtitleTableViewCellViewModel.swift; sourceTree = "<group>"; };
		23604DEB26F634F900466C66 /* NewReleasesResponse.swift */ = {isa = PBXFileReference; lastKnownFileType = sourcecode.swift; path = NewReleasesResponse.swift; sourceTree = "<group>"; };
		23604DED26F6352400466C66 /* APIImage.swift */ = {isa = PBXFileReference; lastKnownFileType = sourcecode.swift; path = APIImage.swift; sourceTree = "<group>"; };
		23604DEF26F6353900466C66 /* FeaturedPlaylistsResponse.swift */ = {isa = PBXFileReference; lastKnownFileType = sourcecode.swift; path = FeaturedPlaylistsResponse.swift; sourceTree = "<group>"; };
		23604DF126F6355600466C66 /* RecommendedGenresResponse.swift */ = {isa = PBXFileReference; lastKnownFileType = sourcecode.swift; path = RecommendedGenresResponse.swift; sourceTree = "<group>"; };
		23604DF326F6356F00466C66 /* RecommendationsResponse.swift */ = {isa = PBXFileReference; lastKnownFileType = sourcecode.swift; path = RecommendationsResponse.swift; sourceTree = "<group>"; };
		23604DF526F6358400466C66 /* AlbumDetailsResponse.swift */ = {isa = PBXFileReference; lastKnownFileType = sourcecode.swift; path = AlbumDetailsResponse.swift; sourceTree = "<group>"; };
		23604DF726F6359C00466C66 /* PlaylistDetailsResponse.swift */ = {isa = PBXFileReference; lastKnownFileType = sourcecode.swift; path = PlaylistDetailsResponse.swift; sourceTree = "<group>"; };
		23604DF926F635B900466C66 /* AllCategoriesResponse.swift */ = {isa = PBXFileReference; lastKnownFileType = sourcecode.swift; path = AllCategoriesResponse.swift; sourceTree = "<group>"; };
		23604DFB26F635D000466C66 /* SearchResultResponse.swift */ = {isa = PBXFileReference; lastKnownFileType = sourcecode.swift; path = SearchResultResponse.swift; sourceTree = "<group>"; };
		23604DFD26F635F000466C66 /* SearchResult.swift */ = {isa = PBXFileReference; lastKnownFileType = sourcecode.swift; path = SearchResult.swift; sourceTree = "<group>"; };
		23604DFF26F6360300466C66 /* LibraryPlaylistsResponse.swift */ = {isa = PBXFileReference; lastKnownFileType = sourcecode.swift; path = LibraryPlaylistsResponse.swift; sourceTree = "<group>"; };
		23604E0126F6361600466C66 /* LibraryAlbumsResponse.swift */ = {isa = PBXFileReference; lastKnownFileType = sourcecode.swift; path = LibraryAlbumsResponse.swift; sourceTree = "<group>"; };
		23604E0426F6376800466C66 /* PlaybackPresenter.swift */ = {isa = PBXFileReference; lastKnownFileType = sourcecode.swift; path = PlaybackPresenter.swift; sourceTree = "<group>"; };
		23604E0726F637F700466C66 /* SearchResultDefaultTableViewCell.swift */ = {isa = PBXFileReference; lastKnownFileType = sourcecode.swift; path = SearchResultDefaultTableViewCell.swift; sourceTree = "<group>"; };
		23604E0926F6381200466C66 /* SearchResultSubtitleTableViewCell.swift */ = {isa = PBXFileReference; lastKnownFileType = sourcecode.swift; path = SearchResultSubtitleTableViewCell.swift; sourceTree = "<group>"; };
		23604E0C26F6384F00466C66 /* NewReleaseCollectionViewCell.swift */ = {isa = PBXFileReference; lastKnownFileType = sourcecode.swift; path = NewReleaseCollectionViewCell.swift; sourceTree = "<group>"; };
		23604E0E26F6386700466C66 /* FeaturedPlaylistCollectionViewCell.swift */ = {isa = PBXFileReference; lastKnownFileType = sourcecode.swift; path = FeaturedPlaylistCollectionViewCell.swift; sourceTree = "<group>"; };
		23604E1026F6388800466C66 /* RecommendedTrackCollectionViewCell.swift */ = {isa = PBXFileReference; lastKnownFileType = sourcecode.swift; path = RecommendedTrackCollectionViewCell.swift; sourceTree = "<group>"; };
		23604E1226F6394800466C66 /* PlaylistHeaderCollectionReusableView.swift */ = {isa = PBXFileReference; lastKnownFileType = sourcecode.swift; path = PlaylistHeaderCollectionReusableView.swift; sourceTree = "<group>"; };
		23604E1426F6396C00466C66 /* TitleHeaderCollectionReusableView.swift */ = {isa = PBXFileReference; lastKnownFileType = sourcecode.swift; path = TitleHeaderCollectionReusableView.swift; sourceTree = "<group>"; };
		23604E1626F6398400466C66 /* AlbumTrackCollectionViewCell.swift */ = {isa = PBXFileReference; lastKnownFileType = sourcecode.swift; path = AlbumTrackCollectionViewCell.swift; sourceTree = "<group>"; };
		23604E1826F6399D00466C66 /* GenreCollectionViewCell.swift */ = {isa = PBXFileReference; lastKnownFileType = sourcecode.swift; path = GenreCollectionViewCell.swift; sourceTree = "<group>"; };
		23604E1A26F639B300466C66 /* PlayerControlsView.swift */ = {isa = PBXFileReference; lastKnownFileType = sourcecode.swift; path = PlayerControlsView.swift; sourceTree = "<group>"; };
		23604E1C26F639CC00466C66 /* LibraryToggleView.swift */ = {isa = PBXFileReference; lastKnownFileType = sourcecode.swift; path = LibraryToggleView.swift; sourceTree = "<group>"; };
		23604E1E26F639E900466C66 /* ActionLabelView.swift */ = {isa = PBXFileReference; lastKnownFileType = sourcecode.swift; path = ActionLabelView.swift; sourceTree = "<group>"; };
		23604E2126F63A9500466C66 /* LibraryPlaylistsViewController.swift */ = {isa = PBXFileReference; lastKnownFileType = sourcecode.swift; path = LibraryPlaylistsViewController.swift; sourceTree = "<group>"; };
		23604E2326F63AB700466C66 /* LibraryAlbumsViewController.swift */ = {isa = PBXFileReference; lastKnownFileType = sourcecode.swift; path = LibraryAlbumsViewController.swift; sourceTree = "<group>"; };
		23604E2526F63BA500466C66 /* AlbumViewController.swift */ = {isa = PBXFileReference; lastKnownFileType = sourcecode.swift; path = AlbumViewController.swift; sourceTree = "<group>"; };
		23604E2726F63BCC00466C66 /* CategoryViewController.swift */ = {isa = PBXFileReference; lastKnownFileType = sourcecode.swift; path = CategoryViewController.swift; sourceTree = "<group>"; };
		5C2678DD6F07532EA02396D4 /* Pods-SpotifyClone.debug.xcconfig */ = {isa = PBXFileReference; includeInIndex = 1; lastKnownFileType = text.xcconfig; name = "Pods-SpotifyClone.debug.xcconfig"; path = "Target Support Files/Pods-SpotifyClone/Pods-SpotifyClone.debug.xcconfig"; sourceTree = "<group>"; };
		E1A958814378C3F7DD378288 /* Pods-SpotifyClone.release.xcconfig */ = {isa = PBXFileReference; includeInIndex = 1; lastKnownFileType = text.xcconfig; name = "Pods-SpotifyClone.release.xcconfig"; path = "Target Support Files/Pods-SpotifyClone/Pods-SpotifyClone.release.xcconfig"; sourceTree = "<group>"; };
/* End PBXFileReference section */

/* Begin PBXFrameworksBuildPhase section */
		23604D9126F2496600466C66 /* Frameworks */ = {
			isa = PBXFrameworksBuildPhase;
			buildActionMask = 2147483647;
			files = (
				4D71F322B53931C888B26C6A /* Pods_SpotifyClone.framework in Frameworks */,
			);
			runOnlyForDeploymentPostprocessing = 0;
		};
/* End PBXFrameworksBuildPhase section */

/* Begin PBXGroup section */
		23604D8B26F2496600466C66 = {
			isa = PBXGroup;
			children = (
				23604D9626F2496600466C66 /* SpotifyClone */,
				23604D9526F2496600466C66 /* Products */,
				4218168ED10D0B9735F1466D /* Pods */,
				6BA46C4859D45AE2C2EEFCFB /* Frameworks */,
			);
			sourceTree = "<group>";
		};
		23604D9526F2496600466C66 /* Products */ = {
			isa = PBXGroup;
			children = (
				23604D9426F2496600466C66 /* SpotifyClone.app */,
			);
			name = Products;
			sourceTree = "<group>";
		};
		23604D9626F2496600466C66 /* SpotifyClone */ = {
			isa = PBXGroup;
			children = (
				23604E0326F6375A00466C66 /* Presenter */,
				23604DB026F24ABC00466C66 /* Resources */,
				23604DAF26F24AA800466C66 /* Managers */,
				23604DAE26F24A8200466C66 /* ViewModels */,
				23604DAD26F24A5900466C66 /* Models */,
				23604DAC26F24A4A00466C66 /* View */,
				23604DAB26F24A3F00466C66 /* Controllers */,
				23604DA526F2496900466C66 /* Info.plist */,
			);
			path = SpotifyClone;
			sourceTree = "<group>";
		};
		23604DAB26F24A3F00466C66 /* Controllers */ = {
			isa = PBXGroup;
			children = (
				23604DB826F24E3600466C66 /* Other */,
				23604DB726F24E0D00466C66 /* Core */,
			);
			path = Controllers;
			sourceTree = "<group>";
		};
		23604DAC26F24A4A00466C66 /* View */ = {
			isa = PBXGroup;
			children = (
				23604E0B26F6384100466C66 /* Browse */,
				23604E0626F637EA00466C66 /* SearchResultCells */,
				23604DA226F2496900466C66 /* LaunchScreen.storyboard */,
				23604E1226F6394800466C66 /* PlaylistHeaderCollectionReusableView.swift */,
				23604E1426F6396C00466C66 /* TitleHeaderCollectionReusableView.swift */,
				23604E1626F6398400466C66 /* AlbumTrackCollectionViewCell.swift */,
				23604E1826F6399D00466C66 /* GenreCollectionViewCell.swift */,
				23604E1A26F639B300466C66 /* PlayerControlsView.swift */,
				23604E1C26F639CC00466C66 /* LibraryToggleView.swift */,
				23604E1E26F639E900466C66 /* ActionLabelView.swift */,
			);
			path = View;
			sourceTree = "<group>";
		};
		23604DAD26F24A5900466C66 /* Models */ = {
			isa = PBXGroup;
			children = (
				23604DCD26F24FA700466C66 /* Playlist.swift */,
				23604DCF26F24FB900466C66 /* AudioTrack.swift */,
				23604DD126F24FC900466C66 /* Artist.swift */,
				23604DD326F24FE700466C66 /* UserProfile.swift */,
				23604DD726F4CA2A00466C66 /* AuthResponse.swift */,
				23604DD926F513E200466C66 /* SettingsModels.swift */,
				23604DEB26F634F900466C66 /* NewReleasesResponse.swift */,
				23604DED26F6352400466C66 /* APIImage.swift */,
				23604DEF26F6353900466C66 /* FeaturedPlaylistsResponse.swift */,
				23604DF126F6355600466C66 /* RecommendedGenresResponse.swift */,
				23604DF326F6356F00466C66 /* RecommendationsResponse.swift */,
				23604DF526F6358400466C66 /* AlbumDetailsResponse.swift */,
				23604DF726F6359C00466C66 /* PlaylistDetailsResponse.swift */,
				23604DF926F635B900466C66 /* AllCategoriesResponse.swift */,
				23604DFB26F635D000466C66 /* SearchResultResponse.swift */,
				23604DFD26F635F000466C66 /* SearchResult.swift */,
				23604DFF26F6360300466C66 /* LibraryPlaylistsResponse.swift */,
				23604E0126F6361600466C66 /* LibraryAlbumsResponse.swift */,
			);
			path = Models;
			sourceTree = "<group>";
		};
		23604DAE26F24A8200466C66 /* ViewModels */ = {
			isa = PBXGroup;
			children = (
				23604DDB26F6335B00466C66 /* NewReleasesCellViewModel.swift */,
				23604DDD26F6338800466C66 /* FeaturedPlaylistCellViewModel.swift */,
				23604DDF26F633AC00466C66 /* RecommendedTrackCellViewModel.swift */,
				23604DE126F633CA00466C66 /* PlaylistHeaderViewViewModel.swift */,
				23604DE326F633E600466C66 /* AlbumCollectionViewCellViewModel.swift */,
				23604DE526F6340400466C66 /* CategoryCollectionViewCellViewModel.swift */,
				23604DE726F6342600466C66 /* SearchResultDefaultTableViewCellViewModel.swift */,
				23604DE926F6344900466C66 /* SearchResultSubtitleTableViewCellViewModel.swift */,
			);
			path = ViewModels;
			sourceTree = "<group>";
		};
		23604DAF26F24AA800466C66 /* Managers */ = {
			isa = PBXGroup;
			children = (
				23604DC726F24F4900466C66 /* AuthManager.swift */,
				23604DC926F24F6300466C66 /* APICaller.swift */,
				23604DCB26F24F8600466C66 /* HapticsManager.swift */,
			);
			path = Managers;
			sourceTree = "<group>";
		};
		23604DB026F24ABC00466C66 /* Resources */ = {
			isa = PBXGroup;
			children = (
				23604D9726F2496600466C66 /* AppDelegate.swift */,
				23604D9926F2496600466C66 /* SceneDelegate.swift */,
				23604DA026F2496900466C66 /* Assets.xcassets */,
				23604DD526F3671C00466C66 /* Extensions.swift */,
			);
			path = Resources;
			sourceTree = "<group>";
		};
		23604DB726F24E0D00466C66 /* Core */ = {
			isa = PBXGroup;
			children = (
				23604DB326F24DD000466C66 /* SearchViewController.swift */,
				23604DB526F24DF900466C66 /* LibraryViewController.swift */,
				23604D9B26F2496600466C66 /* HomeViewController.swift */,
				23604DB126F24D8300466C66 /* TabBarViewController.swift */,
			);
			path = Core;
			sourceTree = "<group>";
		};
		23604DB826F24E3600466C66 /* Other */ = {
			isa = PBXGroup;
			children = (
				23604E2026F63A8200466C66 /* Library */,
				23604DB926F24E5E00466C66 /* AuthViewController.swift */,
				23604DBB26F24E7500466C66 /* WelcomeViewController.swift */,
				23604DBD26F24EA600466C66 /* SettingsViewController.swift */,
				23604DBF26F24EB900466C66 /* ProfileViewController.swift */,
				23604DC126F24ECD00466C66 /* PlayerViewController.swift */,
				23604DC326F24EE500466C66 /* PlaylistViewController.swift */,
				23604DC526F24F0300466C66 /* SearchResultsViewController.swift */,
				23604E2526F63BA500466C66 /* AlbumViewController.swift */,
				23604E2726F63BCC00466C66 /* CategoryViewController.swift */,
			);
			path = Other;
			sourceTree = "<group>";
		};
		23604E0326F6375A00466C66 /* Presenter */ = {
			isa = PBXGroup;
			children = (
				23604E0426F6376800466C66 /* PlaybackPresenter.swift */,
			);
			path = Presenter;
			sourceTree = "<group>";
		};
		23604E0626F637EA00466C66 /* SearchResultCells */ = {
			isa = PBXGroup;
			children = (
				23604E0726F637F700466C66 /* SearchResultDefaultTableViewCell.swift */,
				23604E0926F6381200466C66 /* SearchResultSubtitleTableViewCell.swift */,
			);
			path = SearchResultCells;
			sourceTree = "<group>";
		};
		23604E0B26F6384100466C66 /* Browse */ = {
			isa = PBXGroup;
			children = (
				23604E0C26F6384F00466C66 /* NewReleaseCollectionViewCell.swift */,
				23604E0E26F6386700466C66 /* FeaturedPlaylistCollectionViewCell.swift */,
				23604E1026F6388800466C66 /* RecommendedTrackCollectionViewCell.swift */,
			);
			path = Browse;
			sourceTree = "<group>";
		};
		23604E2026F63A8200466C66 /* Library */ = {
			isa = PBXGroup;
			children = (
				23604E2126F63A9500466C66 /* LibraryPlaylistsViewController.swift */,
				23604E2326F63AB700466C66 /* LibraryAlbumsViewController.swift */,
			);
			path = Library;
			sourceTree = "<group>";
		};
		4218168ED10D0B9735F1466D /* Pods */ = {
			isa = PBXGroup;
			children = (
				5C2678DD6F07532EA02396D4 /* Pods-SpotifyClone.debug.xcconfig */,
				E1A958814378C3F7DD378288 /* Pods-SpotifyClone.release.xcconfig */,
			);
			path = Pods;
			sourceTree = "<group>";
		};
		6BA46C4859D45AE2C2EEFCFB /* Frameworks */ = {
			isa = PBXGroup;
			children = (
				20754C35C4ECC6C2EC3DA16E /* Pods_SpotifyClone.framework */,
			);
			name = Frameworks;
			sourceTree = "<group>";
		};
/* End PBXGroup section */

/* Begin PBXNativeTarget section */
		23604D9326F2496600466C66 /* SpotifyClone */ = {
			isa = PBXNativeTarget;
			buildConfigurationList = 23604DA826F2496900466C66 /* Build configuration list for PBXNativeTarget "SpotifyClone" */;
			buildPhases = (
				9D51BC5B5025F345D38ADFC7 /* [CP] Check Pods Manifest.lock */,
				23604D9026F2496600466C66 /* Sources */,
				23604D9126F2496600466C66 /* Frameworks */,
				23604D9226F2496600466C66 /* Resources */,
				14D72054ADEE7A658A104CEA /* [CP] Embed Pods Frameworks */,
			);
			buildRules = (
			);
			dependencies = (
			);
			name = SpotifyClone;
			productName = SpotifyClone;
			productReference = 23604D9426F2496600466C66 /* SpotifyClone.app */;
			productType = "com.apple.product-type.application";
		};
/* End PBXNativeTarget section */

/* Begin PBXProject section */
		23604D8C26F2496600466C66 /* Project object */ = {
			isa = PBXProject;
			attributes = {
				LastSwiftUpdateCheck = 1250;
				LastUpgradeCheck = 1250;
				TargetAttributes = {
					23604D9326F2496600466C66 = {
						CreatedOnToolsVersion = 12.5.1;
					};
				};
			};
			buildConfigurationList = 23604D8F26F2496600466C66 /* Build configuration list for PBXProject "SpotifyClone" */;
			compatibilityVersion = "Xcode 9.3";
			developmentRegion = en;
			hasScannedForEncodings = 0;
			knownRegions = (
				en,
				Base,
			);
			mainGroup = 23604D8B26F2496600466C66;
			productRefGroup = 23604D9526F2496600466C66 /* Products */;
			projectDirPath = "";
			projectRoot = "";
			targets = (
				23604D9326F2496600466C66 /* SpotifyClone */,
			);
		};
/* End PBXProject section */

/* Begin PBXResourcesBuildPhase section */
		23604D9226F2496600466C66 /* Resources */ = {
			isa = PBXResourcesBuildPhase;
			buildActionMask = 2147483647;
			files = (
				23604DA426F2496900466C66 /* LaunchScreen.storyboard in Resources */,
				23604DA126F2496900466C66 /* Assets.xcassets in Resources */,
			);
			runOnlyForDeploymentPostprocessing = 0;
		};
/* End PBXResourcesBuildPhase section */

/* Begin PBXShellScriptBuildPhase section */
		14D72054ADEE7A658A104CEA /* [CP] Embed Pods Frameworks */ = {
			isa = PBXShellScriptBuildPhase;
			buildActionMask = 2147483647;
			files = (
			);
			inputFileListPaths = (
				"${PODS_ROOT}/Target Support Files/Pods-SpotifyClone/Pods-SpotifyClone-frameworks-${CONFIGURATION}-input-files.xcfilelist",
			);
			name = "[CP] Embed Pods Frameworks";
			outputFileListPaths = (
				"${PODS_ROOT}/Target Support Files/Pods-SpotifyClone/Pods-SpotifyClone-frameworks-${CONFIGURATION}-output-files.xcfilelist",
			);
			runOnlyForDeploymentPostprocessing = 0;
			shellPath = /bin/sh;
			shellScript = "\"${PODS_ROOT}/Target Support Files/Pods-SpotifyClone/Pods-SpotifyClone-frameworks.sh\"\n";
			showEnvVarsInLog = 0;
		};
		9D51BC5B5025F345D38ADFC7 /* [CP] Check Pods Manifest.lock */ = {
			isa = PBXShellScriptBuildPhase;
			buildActionMask = 2147483647;
			files = (
			);
			inputFileListPaths = (
			);
			inputPaths = (
				"${PODS_PODFILE_DIR_PATH}/Podfile.lock",
				"${PODS_ROOT}/Manifest.lock",
			);
			name = "[CP] Check Pods Manifest.lock";
			outputFileListPaths = (
			);
			outputPaths = (
				"$(DERIVED_FILE_DIR)/Pods-SpotifyClone-checkManifestLockResult.txt",
			);
			runOnlyForDeploymentPostprocessing = 0;
			shellPath = /bin/sh;
			shellScript = "diff \"${PODS_PODFILE_DIR_PATH}/Podfile.lock\" \"${PODS_ROOT}/Manifest.lock\" > /dev/null\nif [ $? != 0 ] ; then\n    # print error to STDERR\n    echo \"error: The sandbox is not in sync with the Podfile.lock. Run 'pod install' or update your CocoaPods installation.\" >&2\n    exit 1\nfi\n# This output is used by Xcode 'outputs' to avoid re-running this script phase.\necho \"SUCCESS\" > \"${SCRIPT_OUTPUT_FILE_0}\"\n";
			showEnvVarsInLog = 0;
		};
/* End PBXShellScriptBuildPhase section */

/* Begin PBXSourcesBuildPhase section */
		23604D9026F2496600466C66 /* Sources */ = {
			isa = PBXSourcesBuildPhase;
			buildActionMask = 2147483647;
			files = (
				23604DB426F24DD000466C66 /* SearchViewController.swift in Sources */,
				23604E1F26F639E900466C66 /* ActionLabelView.swift in Sources */,
				23604DEC26F634F900466C66 /* NewReleasesResponse.swift in Sources */,
				23604E1326F6394800466C66 /* PlaylistHeaderCollectionReusableView.swift in Sources */,
				23604DCE26F24FA700466C66 /* Playlist.swift in Sources */,
				23604DE226F633CA00466C66 /* PlaylistHeaderViewViewModel.swift in Sources */,
				23604E1526F6396C00466C66 /* TitleHeaderCollectionReusableView.swift in Sources */,
				23604E1126F6388800466C66 /* RecommendedTrackCollectionViewCell.swift in Sources */,
				23604DEE26F6352400466C66 /* APIImage.swift in Sources */,
				23604DC826F24F4900466C66 /* AuthManager.swift in Sources */,
				23604E0D26F6384F00466C66 /* NewReleaseCollectionViewCell.swift in Sources */,
				23604DDC26F6335B00466C66 /* NewReleasesCellViewModel.swift in Sources */,
				23604DEA26F6344900466C66 /* SearchResultSubtitleTableViewCellViewModel.swift in Sources */,
				23604DE426F633E600466C66 /* AlbumCollectionViewCellViewModel.swift in Sources */,
				23604DC626F24F0300466C66 /* SearchResultsViewController.swift in Sources */,
				23604DBC26F24E7500466C66 /* WelcomeViewController.swift in Sources */,
				23604DF226F6355600466C66 /* RecommendedGenresResponse.swift in Sources */,
				23604E0226F6361600466C66 /* LibraryAlbumsResponse.swift in Sources */,
				23604DC026F24EB900466C66 /* ProfileViewController.swift in Sources */,
				23604E0A26F6381200466C66 /* SearchResultSubtitleTableViewCell.swift in Sources */,
				23604DB226F24D8300466C66 /* TabBarViewController.swift in Sources */,
				23604DCC26F24F8600466C66 /* HapticsManager.swift in Sources */,
				23604DFE26F635F000466C66 /* SearchResult.swift in Sources */,
				23604DF826F6359C00466C66 /* PlaylistDetailsResponse.swift in Sources */,
				23604E1B26F639B300466C66 /* PlayerControlsView.swift in Sources */,
				23604DD826F4CA2A00466C66 /* AuthResponse.swift in Sources */,
				23604DD026F24FB900466C66 /* AudioTrack.swift in Sources */,
				23604D9C26F2496600466C66 /* HomeViewController.swift in Sources */,
				23604DE626F6340400466C66 /* CategoryCollectionViewCellViewModel.swift in Sources */,
				23604DBA26F24E5E00466C66 /* AuthViewController.swift in Sources */,
				23604DFA26F635B900466C66 /* AllCategoriesResponse.swift in Sources */,
				23604D9826F2496600466C66 /* AppDelegate.swift in Sources */,
				23604E2426F63AB700466C66 /* LibraryAlbumsViewController.swift in Sources */,
				23604DD426F24FE700466C66 /* UserProfile.swift in Sources */,
				23604E0F26F6386700466C66 /* FeaturedPlaylistCollectionViewCell.swift in Sources */,
				23604DF626F6358400466C66 /* AlbumDetailsResponse.swift in Sources */,
				23604DD626F3671C00466C66 /* Extensions.swift in Sources */,
				23604DE826F6342600466C66 /* SearchResultDefaultTableViewCellViewModel.swift in Sources */,
				23604DE026F633AC00466C66 /* RecommendedTrackCellViewModel.swift in Sources */,
				23604DB626F24DF900466C66 /* LibraryViewController.swift in Sources */,
				23604E2826F63BCC00466C66 /* CategoryViewController.swift in Sources */,
				23604E0026F6360300466C66 /* LibraryPlaylistsResponse.swift in Sources */,
				23604E1726F6398400466C66 /* AlbumTrackCollectionViewCell.swift in Sources */,
				23604DD226F24FC900466C66 /* Artist.swift in Sources */,
				23604DDA26F513E200466C66 /* SettingsModels.swift in Sources */,
				23604DC426F24EE500466C66 /* PlaylistViewController.swift in Sources */,
				23604E2626F63BA500466C66 /* AlbumViewController.swift in Sources */,
				23604E1D26F639CC00466C66 /* LibraryToggleView.swift in Sources */,
				23604E0826F637F700466C66 /* SearchResultDefaultTableViewCell.swift in Sources */,
				23604D9A26F2496600466C66 /* SceneDelegate.swift in Sources */,
				23604DFC26F635D000466C66 /* SearchResultResponse.swift in Sources */,
				23604DC226F24ECD00466C66 /* PlayerViewController.swift in Sources */,
				23604DCA26F24F6300466C66 /* APICaller.swift in Sources */,
				23604E2226F63A9500466C66 /* LibraryPlaylistsViewController.swift in Sources */,
				23604DBE26F24EA600466C66 /* SettingsViewController.swift in Sources */,
				23604DF026F6353900466C66 /* FeaturedPlaylistsResponse.swift in Sources */,
				23604E0526F6376800466C66 /* PlaybackPresenter.swift in Sources */,
				23604E1926F6399D00466C66 /* GenreCollectionViewCell.swift in Sources */,
				23604DDE26F6338800466C66 /* FeaturedPlaylistCellViewModel.swift in Sources */,
				23604DF426F6356F00466C66 /* RecommendationsResponse.swift in Sources */,
			);
			runOnlyForDeploymentPostprocessing = 0;
		};
/* End PBXSourcesBuildPhase section */

/* Begin PBXVariantGroup section */
		23604DA226F2496900466C66 /* LaunchScreen.storyboard */ = {
			isa = PBXVariantGroup;
			children = (
				23604DA326F2496900466C66 /* Base */,
			);
			name = LaunchScreen.storyboard;
			sourceTree = "<group>";
		};
/* End PBXVariantGroup section */

/* Begin XCBuildConfiguration section */
		23604DA626F2496900466C66 /* Debug */ = {
			isa = XCBuildConfiguration;
			buildSettings = {
				ALWAYS_SEARCH_USER_PATHS = NO;
				CLANG_ANALYZER_NONNULL = YES;
				CLANG_ANALYZER_NUMBER_OBJECT_CONVERSION = YES_AGGRESSIVE;
				CLANG_CXX_LANGUAGE_STANDARD = "gnu++14";
				CLANG_CXX_LIBRARY = "libc++";
				CLANG_ENABLE_MODULES = YES;
				CLANG_ENABLE_OBJC_ARC = YES;
				CLANG_ENABLE_OBJC_WEAK = YES;
				CLANG_WARN_BLOCK_CAPTURE_AUTORELEASING = YES;
				CLANG_WARN_BOOL_CONVERSION = YES;
				CLANG_WARN_COMMA = YES;
				CLANG_WARN_CONSTANT_CONVERSION = YES;
				CLANG_WARN_DEPRECATED_OBJC_IMPLEMENTATIONS = YES;
				CLANG_WARN_DIRECT_OBJC_ISA_USAGE = YES_ERROR;
				CLANG_WARN_DOCUMENTATION_COMMENTS = YES;
				CLANG_WARN_EMPTY_BODY = YES;
				CLANG_WARN_ENUM_CONVERSION = YES;
				CLANG_WARN_INFINITE_RECURSION = YES;
				CLANG_WARN_INT_CONVERSION = YES;
				CLANG_WARN_NON_LITERAL_NULL_CONVERSION = YES;
				CLANG_WARN_OBJC_IMPLICIT_RETAIN_SELF = YES;
				CLANG_WARN_OBJC_LITERAL_CONVERSION = YES;
				CLANG_WARN_OBJC_ROOT_CLASS = YES_ERROR;
				CLANG_WARN_QUOTED_INCLUDE_IN_FRAMEWORK_HEADER = YES;
				CLANG_WARN_RANGE_LOOP_ANALYSIS = YES;
				CLANG_WARN_STRICT_PROTOTYPES = YES;
				CLANG_WARN_SUSPICIOUS_MOVE = YES;
				CLANG_WARN_UNGUARDED_AVAILABILITY = YES_AGGRESSIVE;
				CLANG_WARN_UNREACHABLE_CODE = YES;
				CLANG_WARN__DUPLICATE_METHOD_MATCH = YES;
				COPY_PHASE_STRIP = NO;
				DEBUG_INFORMATION_FORMAT = dwarf;
				ENABLE_STRICT_OBJC_MSGSEND = YES;
				ENABLE_TESTABILITY = YES;
				GCC_C_LANGUAGE_STANDARD = gnu11;
				GCC_DYNAMIC_NO_PIC = NO;
				GCC_NO_COMMON_BLOCKS = YES;
				GCC_OPTIMIZATION_LEVEL = 0;
				GCC_PREPROCESSOR_DEFINITIONS = (
					"DEBUG=1",
					"$(inherited)",
				);
				GCC_WARN_64_TO_32_BIT_CONVERSION = YES;
				GCC_WARN_ABOUT_RETURN_TYPE = YES_ERROR;
				GCC_WARN_UNDECLARED_SELECTOR = YES;
				GCC_WARN_UNINITIALIZED_AUTOS = YES_AGGRESSIVE;
				GCC_WARN_UNUSED_FUNCTION = YES;
				GCC_WARN_UNUSED_VARIABLE = YES;
				IPHONEOS_DEPLOYMENT_TARGET = 14.5;
				MTL_ENABLE_DEBUG_INFO = INCLUDE_SOURCE;
				MTL_FAST_MATH = YES;
				ONLY_ACTIVE_ARCH = YES;
				SDKROOT = iphoneos;
				SWIFT_ACTIVE_COMPILATION_CONDITIONS = DEBUG;
				SWIFT_OPTIMIZATION_LEVEL = "-Onone";
			};
			name = Debug;
		};
		23604DA726F2496900466C66 /* Release */ = {
			isa = XCBuildConfiguration;
			buildSettings = {
				ALWAYS_SEARCH_USER_PATHS = NO;
				CLANG_ANALYZER_NONNULL = YES;
				CLANG_ANALYZER_NUMBER_OBJECT_CONVERSION = YES_AGGRESSIVE;
				CLANG_CXX_LANGUAGE_STANDARD = "gnu++14";
				CLANG_CXX_LIBRARY = "libc++";
				CLANG_ENABLE_MODULES = YES;
				CLANG_ENABLE_OBJC_ARC = YES;
				CLANG_ENABLE_OBJC_WEAK = YES;
				CLANG_WARN_BLOCK_CAPTURE_AUTORELEASING = YES;
				CLANG_WARN_BOOL_CONVERSION = YES;
				CLANG_WARN_COMMA = YES;
				CLANG_WARN_CONSTANT_CONVERSION = YES;
				CLANG_WARN_DEPRECATED_OBJC_IMPLEMENTATIONS = YES;
				CLANG_WARN_DIRECT_OBJC_ISA_USAGE = YES_ERROR;
				CLANG_WARN_DOCUMENTATION_COMMENTS = YES;
				CLANG_WARN_EMPTY_BODY = YES;
				CLANG_WARN_ENUM_CONVERSION = YES;
				CLANG_WARN_INFINITE_RECURSION = YES;
				CLANG_WARN_INT_CONVERSION = YES;
				CLANG_WARN_NON_LITERAL_NULL_CONVERSION = YES;
				CLANG_WARN_OBJC_IMPLICIT_RETAIN_SELF = YES;
				CLANG_WARN_OBJC_LITERAL_CONVERSION = YES;
				CLANG_WARN_OBJC_ROOT_CLASS = YES_ERROR;
				CLANG_WARN_QUOTED_INCLUDE_IN_FRAMEWORK_HEADER = YES;
				CLANG_WARN_RANGE_LOOP_ANALYSIS = YES;
				CLANG_WARN_STRICT_PROTOTYPES = YES;
				CLANG_WARN_SUSPICIOUS_MOVE = YES;
				CLANG_WARN_UNGUARDED_AVAILABILITY = YES_AGGRESSIVE;
				CLANG_WARN_UNREACHABLE_CODE = YES;
				CLANG_WARN__DUPLICATE_METHOD_MATCH = YES;
				COPY_PHASE_STRIP = NO;
				DEBUG_INFORMATION_FORMAT = "dwarf-with-dsym";
				ENABLE_NS_ASSERTIONS = NO;
				ENABLE_STRICT_OBJC_MSGSEND = YES;
				GCC_C_LANGUAGE_STANDARD = gnu11;
				GCC_NO_COMMON_BLOCKS = YES;
				GCC_WARN_64_TO_32_BIT_CONVERSION = YES;
				GCC_WARN_ABOUT_RETURN_TYPE = YES_ERROR;
				GCC_WARN_UNDECLARED_SELECTOR = YES;
				GCC_WARN_UNINITIALIZED_AUTOS = YES_AGGRESSIVE;
				GCC_WARN_UNUSED_FUNCTION = YES;
				GCC_WARN_UNUSED_VARIABLE = YES;
				IPHONEOS_DEPLOYMENT_TARGET = 14.5;
				MTL_ENABLE_DEBUG_INFO = NO;
				MTL_FAST_MATH = YES;
				SDKROOT = iphoneos;
				SWIFT_COMPILATION_MODE = wholemodule;
				SWIFT_OPTIMIZATION_LEVEL = "-O";
				VALIDATE_PRODUCT = YES;
			};
			name = Release;
		};
		23604DA926F2496900466C66 /* Debug */ = {
			isa = XCBuildConfiguration;
			baseConfigurationReference = 5C2678DD6F07532EA02396D4 /* Pods-SpotifyClone.debug.xcconfig */;
			buildSettings = {
				ASSETCATALOG_COMPILER_APPICON_NAME = AppIcon;
				ASSETCATALOG_COMPILER_GLOBAL_ACCENT_COLOR_NAME = AccentColor;
				CODE_SIGN_STYLE = Automatic;
				INFOPLIST_FILE = SpotifyClone/Info.plist;
				LD_RUNPATH_SEARCH_PATHS = (
					"$(inherited)",
					"@executable_path/Frameworks",
				);
				PRODUCT_BUNDLE_IDENTIFIER = PedroJSMK.SpotifyClone;
				PRODUCT_NAME = "$(TARGET_NAME)";
				SWIFT_VERSION = 5.0;
				TARGETED_DEVICE_FAMILY = "1,2";
			};
			name = Debug;
		};
		23604DAA26F2496900466C66 /* Release */ = {
			isa = XCBuildConfiguration;
			baseConfigurationReference = E1A958814378C3F7DD378288 /* Pods-SpotifyClone.release.xcconfig */;
			buildSettings = {
				ASSETCATALOG_COMPILER_APPICON_NAME = AppIcon;
				ASSETCATALOG_COMPILER_GLOBAL_ACCENT_COLOR_NAME = AccentColor;
				CODE_SIGN_STYLE = Automatic;
				INFOPLIST_FILE = SpotifyClone/Info.plist;
				LD_RUNPATH_SEARCH_PATHS = (
					"$(inherited)",
					"@executable_path/Frameworks",
				);
				PRODUCT_BUNDLE_IDENTIFIER = PedroJSMK.SpotifyClone;
				PRODUCT_NAME = "$(TARGET_NAME)";
				SWIFT_VERSION = 5.0;
				TARGETED_DEVICE_FAMILY = "1,2";
			};
			name = Release;
		};
/* End XCBuildConfiguration section */

/* Begin XCConfigurationList section */
		23604D8F26F2496600466C66 /* Build configuration list for PBXProject "SpotifyClone" */ = {
			isa = XCConfigurationList;
			buildConfigurations = (
				23604DA626F2496900466C66 /* Debug */,
				23604DA726F2496900466C66 /* Release */,
			);
			defaultConfigurationIsVisible = 0;
			defaultConfigurationName = Release;
		};
		23604DA826F2496900466C66 /* Build configuration list for PBXNativeTarget "SpotifyClone" */ = {
			isa = XCConfigurationList;
			buildConfigurations = (
				23604DA926F2496900466C66 /* Debug */,
				23604DAA26F2496900466C66 /* Release */,
			);
			defaultConfigurationIsVisible = 0;
			defaultConfigurationName = Release;
		};
/* End XCConfigurationList section */
	};
	rootObject = 23604D8C26F2496600466C66 /* Project object */;
}
